
Microsoft Visual Studio Solution File, Format Version 12.00
# Visual Studio Version 16
VisualStudioVersion = 16.0.28803.452
MinimumVisualStudioVersion = 10.0.40219.1
Project("{FAE04EC0-301F-11D3-BF4B-00C04F79EFBC}") = "WinFrmReferenciaExterna", "WinFrmReferenciaExterna\WinFrmReferenciaExterna.csproj", "{000AC79D-18D9-4665-980F-0B08ACC177B7}"
EndProject
Project("{2150E333-8FDC-42A3-9474-1A3956D46DE8}") = "ReferenciaDll", "ReferenciaDll", "{06811441-7D15-44E7-8A0E-DCFD5CE24B9F}"
EndProject
Project("{FAE04EC0-301F-11D3-BF4B-00C04F79EFBC}") = "ReferenciaDll.UnaLibCualquiera", "ReferenciaDll.UnaLibCualquiera\ReferenciaDll.UnaLibCualquiera.csproj", "{3300F767-B539-4017-889B-B7C6C4C10208}"
EndProject
Global
	GlobalSection(SolutionConfigurationPlatforms) = preSolution
		Debug|Any CPU = Debug|Any CPU
		Release|Any CPU = Release|Any CPU
	EndGlobalSection
	GlobalSection(ProjectConfigurationPlatforms) = postSolution
		{000AC79D-18D9-4665-980F-0B08ACC177B7}.Debug|Any CPU.ActiveCfg = Debug|Any CPU
		{000AC79D-18D9-4665-980F-0B08ACC177B7}.Debug|Any CPU.Build.0 = Debug|Any CPU
		{000AC79D-18D9-4665-980F-0B08ACC177B7}.Release|Any CPU.ActiveCfg = Release|Any CPU
		{000AC79D-18D9-4665-980F-0B08ACC177B7}.Release|Any CPU.Build.0 = Release|Any CPU
		{3300F767-B539-4017-889B-B7C6C4C10208}.Debug|Any CPU.ActiveCfg = Debug|Any CPU
		{3300F767-B539-4017-889B-B7C6C4C10208}.Debug|Any CPU.Build.0 = Debug|Any CPU
		{3300F767-B539-4017-889B-B7C6C4C10208}.Release|Any CPU.ActiveCfg = Release|Any CPU
		{3300F767-B539-4017-889B-B7C6C4C10208}.Release|Any CPU.Build.0 = Release|Any CPU
	EndGlobalSection
	GlobalSection(SolutionProperties) = preSolution
		HideSolutionNode = FALSE
	EndGlobalSection
	GlobalSection(NestedProjects) = preSolution
		{000AC79D-18D9-4665-980F-0B08ACC177B7} = {06811441-7D15-44E7-8A0E-DCFD5CE24B9F}
		{3300F767-B539-4017-889B-B7C6C4C10208} = {06811441-7D15-44E7-8A0E-DCFD5CE24B9F}
	EndGlobalSection
	GlobalSection(ExtensibilityGlobals) = postSolution
		SolutionGuid = {E15CA4F8-3965-4678-B181-AFC6EF46060A}
	EndGlobalSection
EndGlobal
