
Microsoft Visual Studio Solution File, Format Version 12.00
# Visual Studio Version 16
VisualStudioVersion = 16.0.30503.244
MinimumVisualStudioVersion = 10.0.40219.1
Project("{FAE04EC0-301F-11D3-BF4B-00C04F79EFBC}") = "Webinar", "Webinar\Webinar.csproj", "{74F6EFC7-A0B4-471C-B8C9-C64B605E92A8}"
EndProject
Global
	GlobalSection(SolutionConfigurationPlatforms) = preSolution
		Debug|Any CPU = Debug|Any CPU
		Release|Any CPU = Release|Any CPU
	EndGlobalSection
	GlobalSection(ProjectConfigurationPlatforms) = postSolution
		{74F6EFC7-A0B4-471C-B8C9-C64B605E92A8}.Debug|Any CPU.ActiveCfg = Debug|Any CPU
		{74F6EFC7-A0B4-471C-B8C9-C64B605E92A8}.Debug|Any CPU.Build.0 = Debug|Any CPU
		{74F6EFC7-A0B4-471C-B8C9-C64B605E92A8}.Release|Any CPU.ActiveCfg = Release|Any CPU
		{74F6EFC7-A0B4-471C-B8C9-C64B605E92A8}.Release|Any CPU.Build.0 = Release|Any CPU
	EndGlobalSection
	GlobalSection(SolutionProperties) = preSolution
		HideSolutionNode = FALSE
	EndGlobalSection
	GlobalSection(ExtensibilityGlobals) = postSolution
		SolutionGuid = {C0587827-04CF-416D-AD3B-1D0F29E80731}
	EndGlobalSection
EndGlobal
