
Microsoft Visual Studio Solution File, Format Version 12.00
# Visual Studio Version 16
VisualStudioVersion = 16.0.30517.126
MinimumVisualStudioVersion = 10.0.40219.1
Project("{FAE04EC0-301F-11D3-BF4B-00C04F79EFBC}") = "EFEjemplo", "EFEjemplo\EFEjemplo.csproj", "{CC1E5042-7670-4B12-A4F5-F024DEB923DF}"
EndProject
Global
	GlobalSection(SolutionConfigurationPlatforms) = preSolution
		Debug|Any CPU = Debug|Any CPU
		Release|Any CPU = Release|Any CPU
	EndGlobalSection
	GlobalSection(ProjectConfigurationPlatforms) = postSolution
		{CC1E5042-7670-4B12-A4F5-F024DEB923DF}.Debug|Any CPU.ActiveCfg = Debug|Any CPU
		{CC1E5042-7670-4B12-A4F5-F024DEB923DF}.Debug|Any CPU.Build.0 = Debug|Any CPU
		{CC1E5042-7670-4B12-A4F5-F024DEB923DF}.Release|Any CPU.ActiveCfg = Release|Any CPU
		{CC1E5042-7670-4B12-A4F5-F024DEB923DF}.Release|Any CPU.Build.0 = Release|Any CPU
	EndGlobalSection
	GlobalSection(SolutionProperties) = preSolution
		HideSolutionNode = FALSE
	EndGlobalSection
	GlobalSection(ExtensibilityGlobals) = postSolution
		SolutionGuid = {8C16C33B-6C44-49AC-A2E2-F584B8C120CE}
	EndGlobalSection
EndGlobal
