
Microsoft Visual Studio Solution File, Format Version 12.00
# Visual Studio Version 16
VisualStudioVersion = 16.0.30517.126
MinimumVisualStudioVersion = 10.0.40219.1
Project("{9A19103F-16F7-4668-BE54-9A1E7A4F7556}") = "TiendaServicios.Api.Autor", "TiendaServicios.Api.Autor\TiendaServicios.Api.Autor.csproj", "{F842F0B0-8A2A-4CE5-8B74-ACBF5EB0999D}"
EndProject
Project("{FAE04EC0-301F-11D3-BF4B-00C04F79EFBC}") = "TiendaServicios.Api.Libro", "TiendaServicios.Api.Libro\TiendaServicios.Api.Libro.csproj", "{69B514A5-B210-46F0-9E2D-D5EA8F12EF48}"
EndProject
Global
	GlobalSection(SolutionConfigurationPlatforms) = preSolution
		Debug|Any CPU = Debug|Any CPU
		Release|Any CPU = Release|Any CPU
	EndGlobalSection
	GlobalSection(ProjectConfigurationPlatforms) = postSolution
		{F842F0B0-8A2A-4CE5-8B74-ACBF5EB0999D}.Debug|Any CPU.ActiveCfg = Debug|Any CPU
		{F842F0B0-8A2A-4CE5-8B74-ACBF5EB0999D}.Debug|Any CPU.Build.0 = Debug|Any CPU
		{F842F0B0-8A2A-4CE5-8B74-ACBF5EB0999D}.Release|Any CPU.ActiveCfg = Release|Any CPU
		{F842F0B0-8A2A-4CE5-8B74-ACBF5EB0999D}.Release|Any CPU.Build.0 = Release|Any CPU
		{69B514A5-B210-46F0-9E2D-D5EA8F12EF48}.Debug|Any CPU.ActiveCfg = Debug|Any CPU
		{69B514A5-B210-46F0-9E2D-D5EA8F12EF48}.Debug|Any CPU.Build.0 = Debug|Any CPU
		{69B514A5-B210-46F0-9E2D-D5EA8F12EF48}.Release|Any CPU.ActiveCfg = Release|Any CPU
		{69B514A5-B210-46F0-9E2D-D5EA8F12EF48}.Release|Any CPU.Build.0 = Release|Any CPU
	EndGlobalSection
	GlobalSection(SolutionProperties) = preSolution
		HideSolutionNode = FALSE
	EndGlobalSection
	GlobalSection(ExtensibilityGlobals) = postSolution
		SolutionGuid = {D868D014-DE20-4510-B2A5-1F41247677D0}
	EndGlobalSection
EndGlobal
