
Microsoft Visual Studio Solution File, Format Version 12.00
# Visual Studio Version 16
VisualStudioVersion = 16.0.30517.126
MinimumVisualStudioVersion = 10.0.40219.1
Project("{9A19103F-16F7-4668-BE54-9A1E7A4F7556}") = "TiendaServicios.Api.Autor", "TiendaServicios.Api.Autor\TiendaServicios.Api.Autor.csproj", "{F842F0B0-8A2A-4CE5-8B74-ACBF5EB0999D}"
EndProject
Project("{9A19103F-16F7-4668-BE54-9A1E7A4F7556}") = "TiendaServicios.Api.Libro", "TiendaServicios.Api.Libro\TiendaServicios.Api.Libro.csproj", "{69B514A5-B210-46F0-9E2D-D5EA8F12EF48}"
EndProject
Project("{9A19103F-16F7-4668-BE54-9A1E7A4F7556}") = "TiendaServicios.Api.CarritoCompra", "TiendaServicios.Api.CarritoCompra\TiendaServicios.Api.CarritoCompra.csproj", "{7E1EED0C-123B-45A2-8C14-E1AD6E10D495}"
EndProject
Project("{9A19103F-16F7-4668-BE54-9A1E7A4F7556}") = "TiendaServicios.Api.Libro.Test", "TiendaServicios.Api.Libro.Test\TiendaServicios.Api.Libro.Test.csproj", "{1ADC9487-B2B7-4BB9-B663-70F750F726DC}"
EndProject
Project("{E53339B2-1760-4266-BCC7-CA923CBCF16C}") = "docker-compose", "docker-compose.dcproj", "{29E4568A-061F-4256-B4E2-4003620FE708}"
EndProject
Project("{9A19103F-16F7-4668-BE54-9A1E7A4F7556}") = "TiendaServicios.Api.Gateway", "TiendaServicios.Api.Gateway\TiendaServicios.Api.Gateway.csproj", "{63B124A2-82FB-4DBE-83A4-B3C1EFB43E22}"
EndProject
Project("{9A19103F-16F7-4668-BE54-9A1E7A4F7556}") = "TiendaServicios.RabbitMQ.Bus", "TiendaServicios.RabbitMQ.Bus\TiendaServicios.RabbitMQ.Bus.csproj", "{D99BB40D-6D83-48BB-A6A1-71278047AB1C}"
EndProject
Project("{FAE04EC0-301F-11D3-BF4B-00C04F79EFBC}") = "TiendaServicios.Mensajeria.Email", "TiendaServicios.Mensajeria.Email\TiendaServicios.Mensajeria.Email.csproj", "{6A43CD32-74B5-4431-874B-EF1F8062D802}"
EndProject
Global
	GlobalSection(SolutionConfigurationPlatforms) = preSolution
		Debug|Any CPU = Debug|Any CPU
		Release|Any CPU = Release|Any CPU
	EndGlobalSection
	GlobalSection(ProjectConfigurationPlatforms) = postSolution
		{F842F0B0-8A2A-4CE5-8B74-ACBF5EB0999D}.Debug|Any CPU.ActiveCfg = Debug|Any CPU
		{F842F0B0-8A2A-4CE5-8B74-ACBF5EB0999D}.Debug|Any CPU.Build.0 = Debug|Any CPU
		{F842F0B0-8A2A-4CE5-8B74-ACBF5EB0999D}.Release|Any CPU.ActiveCfg = Release|Any CPU
		{F842F0B0-8A2A-4CE5-8B74-ACBF5EB0999D}.Release|Any CPU.Build.0 = Release|Any CPU
		{69B514A5-B210-46F0-9E2D-D5EA8F12EF48}.Debug|Any CPU.ActiveCfg = Debug|Any CPU
		{69B514A5-B210-46F0-9E2D-D5EA8F12EF48}.Debug|Any CPU.Build.0 = Debug|Any CPU
		{69B514A5-B210-46F0-9E2D-D5EA8F12EF48}.Release|Any CPU.ActiveCfg = Release|Any CPU
		{69B514A5-B210-46F0-9E2D-D5EA8F12EF48}.Release|Any CPU.Build.0 = Release|Any CPU
		{7E1EED0C-123B-45A2-8C14-E1AD6E10D495}.Debug|Any CPU.ActiveCfg = Debug|Any CPU
		{7E1EED0C-123B-45A2-8C14-E1AD6E10D495}.Debug|Any CPU.Build.0 = Debug|Any CPU
		{7E1EED0C-123B-45A2-8C14-E1AD6E10D495}.Release|Any CPU.ActiveCfg = Release|Any CPU
		{7E1EED0C-123B-45A2-8C14-E1AD6E10D495}.Release|Any CPU.Build.0 = Release|Any CPU
		{1ADC9487-B2B7-4BB9-B663-70F750F726DC}.Debug|Any CPU.ActiveCfg = Debug|Any CPU
		{1ADC9487-B2B7-4BB9-B663-70F750F726DC}.Debug|Any CPU.Build.0 = Debug|Any CPU
		{1ADC9487-B2B7-4BB9-B663-70F750F726DC}.Release|Any CPU.ActiveCfg = Release|Any CPU
		{1ADC9487-B2B7-4BB9-B663-70F750F726DC}.Release|Any CPU.Build.0 = Release|Any CPU
		{29E4568A-061F-4256-B4E2-4003620FE708}.Debug|Any CPU.ActiveCfg = Debug|Any CPU
		{29E4568A-061F-4256-B4E2-4003620FE708}.Debug|Any CPU.Build.0 = Debug|Any CPU
		{29E4568A-061F-4256-B4E2-4003620FE708}.Release|Any CPU.ActiveCfg = Release|Any CPU
		{29E4568A-061F-4256-B4E2-4003620FE708}.Release|Any CPU.Build.0 = Release|Any CPU
		{63B124A2-82FB-4DBE-83A4-B3C1EFB43E22}.Debug|Any CPU.ActiveCfg = Debug|Any CPU
		{63B124A2-82FB-4DBE-83A4-B3C1EFB43E22}.Debug|Any CPU.Build.0 = Debug|Any CPU
		{63B124A2-82FB-4DBE-83A4-B3C1EFB43E22}.Release|Any CPU.ActiveCfg = Release|Any CPU
		{63B124A2-82FB-4DBE-83A4-B3C1EFB43E22}.Release|Any CPU.Build.0 = Release|Any CPU
		{D99BB40D-6D83-48BB-A6A1-71278047AB1C}.Debug|Any CPU.ActiveCfg = Debug|Any CPU
		{D99BB40D-6D83-48BB-A6A1-71278047AB1C}.Debug|Any CPU.Build.0 = Debug|Any CPU
		{D99BB40D-6D83-48BB-A6A1-71278047AB1C}.Release|Any CPU.ActiveCfg = Release|Any CPU
		{D99BB40D-6D83-48BB-A6A1-71278047AB1C}.Release|Any CPU.Build.0 = Release|Any CPU
		{6A43CD32-74B5-4431-874B-EF1F8062D802}.Debug|Any CPU.ActiveCfg = Debug|Any CPU
		{6A43CD32-74B5-4431-874B-EF1F8062D802}.Debug|Any CPU.Build.0 = Debug|Any CPU
		{6A43CD32-74B5-4431-874B-EF1F8062D802}.Release|Any CPU.ActiveCfg = Release|Any CPU
		{6A43CD32-74B5-4431-874B-EF1F8062D802}.Release|Any CPU.Build.0 = Release|Any CPU
	EndGlobalSection
	GlobalSection(SolutionProperties) = preSolution
		HideSolutionNode = FALSE
	EndGlobalSection
	GlobalSection(ExtensibilityGlobals) = postSolution
		SolutionGuid = {D868D014-DE20-4510-B2A5-1F41247677D0}
	EndGlobalSection
EndGlobal
